
Microsoft Visual Studio Solution File, Format Version 12.00
# Visual Studio Version 17
VisualStudioVersion = 17.3.32825.248
MinimumVisualStudioVersion = 10.0.40219.1
Project("{9A19103F-16F7-4668-BE54-9A1E7A4F7556}") = "Arcus.Testing.Logging", "Arcus.Testing.Logging\Arcus.Testing.Logging.csproj", "{D0484271-ABA1-4C2F-B0ED-E207130C1DE8}"
EndProject
Project("{9A19103F-16F7-4668-BE54-9A1E7A4F7556}") = "Arcus.Testing.Tests.Integration", "Arcus.Testing.Tests.Integration\Arcus.Testing.Tests.Integration.csproj", "{4DCD1626-66B4-4396-9CD6-951E9CE7BDE8}"
EndProject
Project("{9A19103F-16F7-4668-BE54-9A1E7A4F7556}") = "Arcus.Testing.Tests.Unit", "Arcus.Testing.Tests.Unit\Arcus.Testing.Tests.Unit.csproj", "{3D66B14F-2CC7-44E6-A53F-1E45F9A6BCF6}"
EndProject
Project("{2150E333-8FDC-42A3-9474-1A3956D46DE8}") = "Tests", "Tests", "{64013B91-7B1E-4F88-8FD7-CCF583D4A4CA}"
EndProject
Project("{9A19103F-16F7-4668-BE54-9A1E7A4F7556}") = "Arcus.Testing.Security.Providers.InMemory", "Arcus.Testing.Security.Providers.InMemory\Arcus.Testing.Security.Providers.InMemory.csproj", "{13FFF971-9F7E-4350-B193-85F6485F41B7}"
EndProject
Project("{9A19103F-16F7-4668-BE54-9A1E7A4F7556}") = "Arcus.Testing.Messaging.Pumps.ServiceBus", "Arcus.Testing.Messaging.Pumps.ServiceBus\Arcus.Testing.Messaging.Pumps.ServiceBus.csproj", "{3F7076F3-A88B-43B2-84C9-70A9E632012A}"
EndProject
Project("{9A19103F-16F7-4668-BE54-9A1E7A4F7556}") = "Arcus.Testing.Messaging.Pumps.EventHubs", "Arcus.Testing.Messaging.Pumps.EventHubs\Arcus.Testing.Messaging.Pumps.EventHubs.csproj", "{E710B99E-F14A-46D4-965D-BB20AE2A7E20}"
EndProject
Project("{9A19103F-16F7-4668-BE54-9A1E7A4F7556}") = "Arcus.Testing.Core", "Arcus.Testing.Core\Arcus.Testing.Core.csproj", "{AD55A0DA-693C-4336-99D8-A0386574A522}"
EndProject
Project("{9A19103F-16F7-4668-BE54-9A1E7A4F7556}") = "Arcus.Testing.Assert", "Arcus.Testing.Assert\Arcus.Testing.Assert.csproj", "{014C45A4-1899-4486-88B0-7503AFE694EB}"
EndProject
Project("{2150E333-8FDC-42A3-9474-1A3956D46DE8}") = "Samples", "Samples", "{98EE1BF1-7C67-49C4-8E02-E0145C5161DC}"
EndProject
Project("{9A19103F-16F7-4668-BE54-9A1E7A4F7556}") = "Arcus.Testing.Sample.TestingFrameworkMigration", "..\samples\Arcus.Testing.Sample.TestingFrameworkMigration\Arcus.Testing.Sample.TestingFrameworkMigration.csproj", "{F5A7114B-51F7-4528-AFEE-62AAFCF5E4ED}"
EndProject
Global
	GlobalSection(SolutionConfigurationPlatforms) = preSolution
		Debug|Any CPU = Debug|Any CPU
		Release|Any CPU = Release|Any CPU
	EndGlobalSection
	GlobalSection(ProjectConfigurationPlatforms) = postSolution
		{D0484271-ABA1-4C2F-B0ED-E207130C1DE8}.Debug|Any CPU.ActiveCfg = Debug|Any CPU
		{D0484271-ABA1-4C2F-B0ED-E207130C1DE8}.Debug|Any CPU.Build.0 = Debug|Any CPU
		{D0484271-ABA1-4C2F-B0ED-E207130C1DE8}.Release|Any CPU.ActiveCfg = Release|Any CPU
		{D0484271-ABA1-4C2F-B0ED-E207130C1DE8}.Release|Any CPU.Build.0 = Release|Any CPU
		{4DCD1626-66B4-4396-9CD6-951E9CE7BDE8}.Debug|Any CPU.ActiveCfg = Debug|Any CPU
		{4DCD1626-66B4-4396-9CD6-951E9CE7BDE8}.Debug|Any CPU.Build.0 = Debug|Any CPU
		{4DCD1626-66B4-4396-9CD6-951E9CE7BDE8}.Release|Any CPU.ActiveCfg = Release|Any CPU
		{4DCD1626-66B4-4396-9CD6-951E9CE7BDE8}.Release|Any CPU.Build.0 = Release|Any CPU
		{3D66B14F-2CC7-44E6-A53F-1E45F9A6BCF6}.Debug|Any CPU.ActiveCfg = Debug|Any CPU
		{3D66B14F-2CC7-44E6-A53F-1E45F9A6BCF6}.Debug|Any CPU.Build.0 = Debug|Any CPU
		{3D66B14F-2CC7-44E6-A53F-1E45F9A6BCF6}.Release|Any CPU.ActiveCfg = Release|Any CPU
		{3D66B14F-2CC7-44E6-A53F-1E45F9A6BCF6}.Release|Any CPU.Build.0 = Release|Any CPU
		{13FFF971-9F7E-4350-B193-85F6485F41B7}.Debug|Any CPU.ActiveCfg = Debug|Any CPU
		{13FFF971-9F7E-4350-B193-85F6485F41B7}.Debug|Any CPU.Build.0 = Debug|Any CPU
		{13FFF971-9F7E-4350-B193-85F6485F41B7}.Release|Any CPU.ActiveCfg = Release|Any CPU
		{13FFF971-9F7E-4350-B193-85F6485F41B7}.Release|Any CPU.Build.0 = Release|Any CPU
		{3F7076F3-A88B-43B2-84C9-70A9E632012A}.Debug|Any CPU.ActiveCfg = Debug|Any CPU
		{3F7076F3-A88B-43B2-84C9-70A9E632012A}.Debug|Any CPU.Build.0 = Debug|Any CPU
		{3F7076F3-A88B-43B2-84C9-70A9E632012A}.Release|Any CPU.ActiveCfg = Release|Any CPU
		{3F7076F3-A88B-43B2-84C9-70A9E632012A}.Release|Any CPU.Build.0 = Release|Any CPU
		{E710B99E-F14A-46D4-965D-BB20AE2A7E20}.Debug|Any CPU.ActiveCfg = Debug|Any CPU
		{E710B99E-F14A-46D4-965D-BB20AE2A7E20}.Debug|Any CPU.Build.0 = Debug|Any CPU
		{E710B99E-F14A-46D4-965D-BB20AE2A7E20}.Release|Any CPU.ActiveCfg = Release|Any CPU
		{E710B99E-F14A-46D4-965D-BB20AE2A7E20}.Release|Any CPU.Build.0 = Release|Any CPU
		{AD55A0DA-693C-4336-99D8-A0386574A522}.Debug|Any CPU.ActiveCfg = Debug|Any CPU
		{AD55A0DA-693C-4336-99D8-A0386574A522}.Debug|Any CPU.Build.0 = Debug|Any CPU
		{AD55A0DA-693C-4336-99D8-A0386574A522}.Release|Any CPU.ActiveCfg = Release|Any CPU
		{AD55A0DA-693C-4336-99D8-A0386574A522}.Release|Any CPU.Build.0 = Release|Any CPU
		{014C45A4-1899-4486-88B0-7503AFE694EB}.Debug|Any CPU.ActiveCfg = Debug|Any CPU
		{014C45A4-1899-4486-88B0-7503AFE694EB}.Debug|Any CPU.Build.0 = Debug|Any CPU
		{014C45A4-1899-4486-88B0-7503AFE694EB}.Release|Any CPU.ActiveCfg = Release|Any CPU
		{014C45A4-1899-4486-88B0-7503AFE694EB}.Release|Any CPU.Build.0 = Release|Any CPU
		{F5A7114B-51F7-4528-AFEE-62AAFCF5E4ED}.Debug|Any CPU.ActiveCfg = Debug|Any CPU
		{F5A7114B-51F7-4528-AFEE-62AAFCF5E4ED}.Debug|Any CPU.Build.0 = Debug|Any CPU
		{F5A7114B-51F7-4528-AFEE-62AAFCF5E4ED}.Release|Any CPU.ActiveCfg = Release|Any CPU
		{F5A7114B-51F7-4528-AFEE-62AAFCF5E4ED}.Release|Any CPU.Build.0 = Release|Any CPU
	EndGlobalSection
	GlobalSection(SolutionProperties) = preSolution
		HideSolutionNode = FALSE
	EndGlobalSection
	GlobalSection(NestedProjects) = preSolution
		{4DCD1626-66B4-4396-9CD6-951E9CE7BDE8} = {64013B91-7B1E-4F88-8FD7-CCF583D4A4CA}
		{3D66B14F-2CC7-44E6-A53F-1E45F9A6BCF6} = {64013B91-7B1E-4F88-8FD7-CCF583D4A4CA}
		{F5A7114B-51F7-4528-AFEE-62AAFCF5E4ED} = {98EE1BF1-7C67-49C4-8E02-E0145C5161DC}
	EndGlobalSection
	GlobalSection(ExtensibilityGlobals) = postSolution
		SolutionGuid = {E5382820-51FF-4B00-92BE-C78E80EA0841}
	EndGlobalSection
EndGlobal
