
Microsoft Visual Studio Solution File, Format Version 12.00
# Visual Studio Version 17
VisualStudioVersion = 17.3.32825.248
MinimumVisualStudioVersion = 10.0.40219.1
Project("{9A19103F-16F7-4668-BE54-9A1E7A4F7556}") = "Arcus.Testing.Logging.Core", "Arcus.Testing.Logging.Core\Arcus.Testing.Logging.Core.csproj", "{D0484271-ABA1-4C2F-B0ED-E207130C1DE8}"
EndProject
Project("{9A19103F-16F7-4668-BE54-9A1E7A4F7556}") = "Arcus.Testing.Tests.Integration", "Arcus.Testing.Tests.Integration\Arcus.Testing.Tests.Integration.csproj", "{4DCD1626-66B4-4396-9CD6-951E9CE7BDE8}"
EndProject
Project("{9A19103F-16F7-4668-BE54-9A1E7A4F7556}") = "Arcus.Testing.Tests.Unit", "Arcus.Testing.Tests.Unit\Arcus.Testing.Tests.Unit.csproj", "{3D66B14F-2CC7-44E6-A53F-1E45F9A6BCF6}"
EndProject
Project("{2150E333-8FDC-42A3-9474-1A3956D46DE8}") = "Tests", "Tests", "{64013B91-7B1E-4F88-8FD7-CCF583D4A4CA}"
EndProject
Project("{9A19103F-16F7-4668-BE54-9A1E7A4F7556}") = "Arcus.Testing.Security.Providers.InMemory", "Arcus.Testing.Security.Providers.InMemory\Arcus.Testing.Security.Providers.InMemory.csproj", "{13FFF971-9F7E-4350-B193-85F6485F41B7}"
EndProject
Project("{9A19103F-16F7-4668-BE54-9A1E7A4F7556}") = "Arcus.Testing.Messaging.Pumps.ServiceBus", "Arcus.Testing.Messaging.Pumps.ServiceBus\Arcus.Testing.Messaging.Pumps.ServiceBus.csproj", "{3F7076F3-A88B-43B2-84C9-70A9E632012A}"
EndProject
Project("{9A19103F-16F7-4668-BE54-9A1E7A4F7556}") = "Arcus.Testing.Messaging.Pumps.EventHubs", "Arcus.Testing.Messaging.Pumps.EventHubs\Arcus.Testing.Messaging.Pumps.EventHubs.csproj", "{E710B99E-F14A-46D4-965D-BB20AE2A7E20}"
EndProject
Project("{9A19103F-16F7-4668-BE54-9A1E7A4F7556}") = "Arcus.Testing.Core", "Arcus.Testing.Core\Arcus.Testing.Core.csproj", "{AD55A0DA-693C-4336-99D8-A0386574A522}"
EndProject
Project("{9A19103F-16F7-4668-BE54-9A1E7A4F7556}") = "Arcus.Testing.Assert", "Arcus.Testing.Assert\Arcus.Testing.Assert.csproj", "{014C45A4-1899-4486-88B0-7503AFE694EB}"
EndProject
Project("{2150E333-8FDC-42A3-9474-1A3956D46DE8}") = "Samples", "Samples", "{057BBCFA-D72F-473E-AB38-5A628A47D56D}"
EndProject
Project("{9A19103F-16F7-4668-BE54-9A1E7A4F7556}") = "Arcus.Testing.Sample.TestingFrameworkMigration", "..\samples\Arcus.Testing.Sample.TestingFrameworkMigration\Arcus.Testing.Sample.TestingFrameworkMigration.csproj", "{19A63ECA-029D-46B3-A252-445570AD7D82}"
EndProject
Project("{9A19103F-16F7-4668-BE54-9A1E7A4F7556}") = "Arcus.Testing.Logging.MSTest", "Arcus.Testing.Logging.MSTest\Arcus.Testing.Logging.MSTest.csproj", "{50163460-A494-4C02-B6BC-30A0DE46BABE}"
EndProject
Project("{9A19103F-16F7-4668-BE54-9A1E7A4F7556}") = "Arcus.Testing.Logging.Xunit", "Arcus.Testing.Logging.Xunit\Arcus.Testing.Logging.Xunit.csproj", "{122F9379-5FAD-4759-BFAB-5A437826682C}"
EndProject
Project("{9A19103F-16F7-4668-BE54-9A1E7A4F7556}") = "Arcus.Testing.Logging.NUnit", "Arcus.Testing.Logging.NUnit\Arcus.Testing.Logging.NUnit.csproj", "{56AF4FFB-6D1D-4C11-834B-70920BA046BD}"
EndProject
Project("{2150E333-8FDC-42A3-9474-1A3956D46DE8}") = "Logging", "Logging", "{45B1870D-C19A-4680-BDD8-2F670C793BC2}"
EndProject
Project("{2150E333-8FDC-42A3-9474-1A3956D46DE8}") = "Messaging", "Messaging", "{D5AF4FD4-A4AF-43FF-8400-63B4A05498F6}"
EndProject
Project("{2150E333-8FDC-42A3-9474-1A3956D46DE8}") = "Security", "Security", "{8108E81D-EF8B-48FF-AEEA-F0273DC5F835}"
EndProject
Global
	GlobalSection(SolutionConfigurationPlatforms) = preSolution
		Debug|Any CPU = Debug|Any CPU
		Release|Any CPU = Release|Any CPU
	EndGlobalSection
	GlobalSection(ProjectConfigurationPlatforms) = postSolution
		{D0484271-ABA1-4C2F-B0ED-E207130C1DE8}.Debug|Any CPU.ActiveCfg = Debug|Any CPU
		{D0484271-ABA1-4C2F-B0ED-E207130C1DE8}.Debug|Any CPU.Build.0 = Debug|Any CPU
		{D0484271-ABA1-4C2F-B0ED-E207130C1DE8}.Release|Any CPU.ActiveCfg = Release|Any CPU
		{D0484271-ABA1-4C2F-B0ED-E207130C1DE8}.Release|Any CPU.Build.0 = Release|Any CPU
		{4DCD1626-66B4-4396-9CD6-951E9CE7BDE8}.Debug|Any CPU.ActiveCfg = Debug|Any CPU
		{4DCD1626-66B4-4396-9CD6-951E9CE7BDE8}.Debug|Any CPU.Build.0 = Debug|Any CPU
		{4DCD1626-66B4-4396-9CD6-951E9CE7BDE8}.Release|Any CPU.ActiveCfg = Release|Any CPU
		{4DCD1626-66B4-4396-9CD6-951E9CE7BDE8}.Release|Any CPU.Build.0 = Release|Any CPU
		{3D66B14F-2CC7-44E6-A53F-1E45F9A6BCF6}.Debug|Any CPU.ActiveCfg = Debug|Any CPU
		{3D66B14F-2CC7-44E6-A53F-1E45F9A6BCF6}.Debug|Any CPU.Build.0 = Debug|Any CPU
		{3D66B14F-2CC7-44E6-A53F-1E45F9A6BCF6}.Release|Any CPU.ActiveCfg = Release|Any CPU
		{3D66B14F-2CC7-44E6-A53F-1E45F9A6BCF6}.Release|Any CPU.Build.0 = Release|Any CPU
		{13FFF971-9F7E-4350-B193-85F6485F41B7}.Debug|Any CPU.ActiveCfg = Debug|Any CPU
		{13FFF971-9F7E-4350-B193-85F6485F41B7}.Debug|Any CPU.Build.0 = Debug|Any CPU
		{13FFF971-9F7E-4350-B193-85F6485F41B7}.Release|Any CPU.ActiveCfg = Release|Any CPU
		{13FFF971-9F7E-4350-B193-85F6485F41B7}.Release|Any CPU.Build.0 = Release|Any CPU
		{3F7076F3-A88B-43B2-84C9-70A9E632012A}.Debug|Any CPU.ActiveCfg = Debug|Any CPU
		{3F7076F3-A88B-43B2-84C9-70A9E632012A}.Debug|Any CPU.Build.0 = Debug|Any CPU
		{3F7076F3-A88B-43B2-84C9-70A9E632012A}.Release|Any CPU.ActiveCfg = Release|Any CPU
		{3F7076F3-A88B-43B2-84C9-70A9E632012A}.Release|Any CPU.Build.0 = Release|Any CPU
		{E710B99E-F14A-46D4-965D-BB20AE2A7E20}.Debug|Any CPU.ActiveCfg = Debug|Any CPU
		{E710B99E-F14A-46D4-965D-BB20AE2A7E20}.Debug|Any CPU.Build.0 = Debug|Any CPU
		{E710B99E-F14A-46D4-965D-BB20AE2A7E20}.Release|Any CPU.ActiveCfg = Release|Any CPU
		{E710B99E-F14A-46D4-965D-BB20AE2A7E20}.Release|Any CPU.Build.0 = Release|Any CPU
		{AD55A0DA-693C-4336-99D8-A0386574A522}.Debug|Any CPU.ActiveCfg = Debug|Any CPU
		{AD55A0DA-693C-4336-99D8-A0386574A522}.Debug|Any CPU.Build.0 = Debug|Any CPU
		{AD55A0DA-693C-4336-99D8-A0386574A522}.Release|Any CPU.ActiveCfg = Release|Any CPU
		{AD55A0DA-693C-4336-99D8-A0386574A522}.Release|Any CPU.Build.0 = Release|Any CPU
		{014C45A4-1899-4486-88B0-7503AFE694EB}.Debug|Any CPU.ActiveCfg = Debug|Any CPU
		{014C45A4-1899-4486-88B0-7503AFE694EB}.Debug|Any CPU.Build.0 = Debug|Any CPU
		{014C45A4-1899-4486-88B0-7503AFE694EB}.Release|Any CPU.ActiveCfg = Release|Any CPU
		{014C45A4-1899-4486-88B0-7503AFE694EB}.Release|Any CPU.Build.0 = Release|Any CPU
		{19A63ECA-029D-46B3-A252-445570AD7D82}.Debug|Any CPU.ActiveCfg = Debug|Any CPU
		{19A63ECA-029D-46B3-A252-445570AD7D82}.Release|Any CPU.ActiveCfg = Release|Any CPU
		{50163460-A494-4C02-B6BC-30A0DE46BABE}.Debug|Any CPU.ActiveCfg = Debug|Any CPU
		{50163460-A494-4C02-B6BC-30A0DE46BABE}.Debug|Any CPU.Build.0 = Debug|Any CPU
		{50163460-A494-4C02-B6BC-30A0DE46BABE}.Release|Any CPU.ActiveCfg = Release|Any CPU
		{50163460-A494-4C02-B6BC-30A0DE46BABE}.Release|Any CPU.Build.0 = Release|Any CPU
		{122F9379-5FAD-4759-BFAB-5A437826682C}.Debug|Any CPU.ActiveCfg = Debug|Any CPU
		{122F9379-5FAD-4759-BFAB-5A437826682C}.Debug|Any CPU.Build.0 = Debug|Any CPU
		{122F9379-5FAD-4759-BFAB-5A437826682C}.Release|Any CPU.ActiveCfg = Release|Any CPU
		{122F9379-5FAD-4759-BFAB-5A437826682C}.Release|Any CPU.Build.0 = Release|Any CPU
		{56AF4FFB-6D1D-4C11-834B-70920BA046BD}.Debug|Any CPU.ActiveCfg = Debug|Any CPU
		{56AF4FFB-6D1D-4C11-834B-70920BA046BD}.Debug|Any CPU.Build.0 = Debug|Any CPU
		{56AF4FFB-6D1D-4C11-834B-70920BA046BD}.Release|Any CPU.ActiveCfg = Release|Any CPU
		{56AF4FFB-6D1D-4C11-834B-70920BA046BD}.Release|Any CPU.Build.0 = Release|Any CPU
	EndGlobalSection
	GlobalSection(SolutionProperties) = preSolution
		HideSolutionNode = FALSE
	EndGlobalSection
	GlobalSection(NestedProjects) = preSolution
		{D0484271-ABA1-4C2F-B0ED-E207130C1DE8} = {45B1870D-C19A-4680-BDD8-2F670C793BC2}
		{4DCD1626-66B4-4396-9CD6-951E9CE7BDE8} = {64013B91-7B1E-4F88-8FD7-CCF583D4A4CA}
		{3D66B14F-2CC7-44E6-A53F-1E45F9A6BCF6} = {64013B91-7B1E-4F88-8FD7-CCF583D4A4CA}
		{13FFF971-9F7E-4350-B193-85F6485F41B7} = {8108E81D-EF8B-48FF-AEEA-F0273DC5F835}
		{3F7076F3-A88B-43B2-84C9-70A9E632012A} = {D5AF4FD4-A4AF-43FF-8400-63B4A05498F6}
		{E710B99E-F14A-46D4-965D-BB20AE2A7E20} = {D5AF4FD4-A4AF-43FF-8400-63B4A05498F6}
		{19A63ECA-029D-46B3-A252-445570AD7D82} = {057BBCFA-D72F-473E-AB38-5A628A47D56D}
		{50163460-A494-4C02-B6BC-30A0DE46BABE} = {45B1870D-C19A-4680-BDD8-2F670C793BC2}
		{122F9379-5FAD-4759-BFAB-5A437826682C} = {45B1870D-C19A-4680-BDD8-2F670C793BC2}
		{56AF4FFB-6D1D-4C11-834B-70920BA046BD} = {45B1870D-C19A-4680-BDD8-2F670C793BC2}
	EndGlobalSection
	GlobalSection(ExtensibilityGlobals) = postSolution
		SolutionGuid = {E5382820-51FF-4B00-92BE-C78E80EA0841}
	EndGlobalSection
EndGlobal
